
Microsoft Visual Studio Solution File, Format Version 12.00
# Visual Studio Version 16
VisualStudioVersion = 16.0.29324.140
MinimumVisualStudioVersion = 10.0.40219.1
Project("{9A19103F-16F7-4668-BE54-9A1E7A4F7556}") = "positus-api-csharp-client", "positus-api-csharp-client\positus-api-csharp-client.csproj", "{EC193911-7682-46F5-8569-04E70580360F}"
EndProject
Project("{FAE04EC0-301F-11D3-BF4B-00C04F79EFBC}") = "positus-api-csharp-client-demo", "positus-api-csharp-client-demo\positus-api-csharp-client-demo.csproj", "{A219503F-4AA4-446F-99DE-8403F76CA57D}"
EndProject
Project("{FAE04EC0-301F-11D3-BF4B-00C04F79EFBC}") = "positus-api-csharp-client-webhook", "positus-api-csharp-client-webhook\positus-api-csharp-client-webhook.csproj", "{DF8C3512-6775-4808-A882-CB9A4BA85C89}"
EndProject
Global
	GlobalSection(SolutionConfigurationPlatforms) = preSolution
		Debug|Any CPU = Debug|Any CPU
		Release|Any CPU = Release|Any CPU
	EndGlobalSection
	GlobalSection(ProjectConfigurationPlatforms) = postSolution
		{EC193911-7682-46F5-8569-04E70580360F}.Debug|Any CPU.ActiveCfg = Debug|Any CPU
		{EC193911-7682-46F5-8569-04E70580360F}.Debug|Any CPU.Build.0 = Debug|Any CPU
		{EC193911-7682-46F5-8569-04E70580360F}.Release|Any CPU.ActiveCfg = Release|Any CPU
		{EC193911-7682-46F5-8569-04E70580360F}.Release|Any CPU.Build.0 = Release|Any CPU
		{A219503F-4AA4-446F-99DE-8403F76CA57D}.Debug|Any CPU.ActiveCfg = Debug|Any CPU
		{A219503F-4AA4-446F-99DE-8403F76CA57D}.Debug|Any CPU.Build.0 = Debug|Any CPU
		{A219503F-4AA4-446F-99DE-8403F76CA57D}.Release|Any CPU.ActiveCfg = Release|Any CPU
		{A219503F-4AA4-446F-99DE-8403F76CA57D}.Release|Any CPU.Build.0 = Release|Any CPU
		{DF8C3512-6775-4808-A882-CB9A4BA85C89}.Debug|Any CPU.ActiveCfg = Debug|Any CPU
		{DF8C3512-6775-4808-A882-CB9A4BA85C89}.Debug|Any CPU.Build.0 = Debug|Any CPU
		{DF8C3512-6775-4808-A882-CB9A4BA85C89}.Release|Any CPU.ActiveCfg = Release|Any CPU
		{DF8C3512-6775-4808-A882-CB9A4BA85C89}.Release|Any CPU.Build.0 = Release|Any CPU
	EndGlobalSection
	GlobalSection(SolutionProperties) = preSolution
		HideSolutionNode = FALSE
	EndGlobalSection
	GlobalSection(ExtensibilityGlobals) = postSolution
		SolutionGuid = {7ECD5A58-2013-4F7F-B7A0-FC9A795A35DD}
	EndGlobalSection
EndGlobal
